// !$*UTF8*$!
{
	archiveVersion = 1;
	classes = {
	};
	objectVersion = 50;
	objects = {

/* Begin PBXBuildFile section */
		60CF5EEE2216F3B20093CB57 /* AppDelegate.m in Sources */ = {isa = PBXBuildFile; fileRef = 60CF5EED2216F3B20093CB57 /* AppDelegate.m */; };
		60CF5EF12216F3B20093CB57 /* ViewController.m in Sources */ = {isa = PBXBuildFile; fileRef = 60CF5EF02216F3B20093CB57 /* ViewController.m */; };
		60CF5EF42216F3B20093CB57 /* Main.storyboard in Resources */ = {isa = PBXBuildFile; fileRef = 60CF5EF22216F3B20093CB57 /* Main.storyboard */; };
		60CF5EF62216F3B30093CB57 /* Assets.xcassets in Resources */ = {isa = PBXBuildFile; fileRef = 60CF5EF52216F3B30093CB57 /* Assets.xcassets */; };
		60CF5EF92216F3B30093CB57 /* LaunchScreen.storyboard in Resources */ = {isa = PBXBuildFile; fileRef = 60CF5EF72216F3B30093CB57 /* LaunchScreen.storyboard */; };
		60CF5EFC2216F3B30093CB57 /* main.m in Sources */ = {isa = PBXBuildFile; fileRef = 60CF5EFB2216F3B30093CB57 /* main.m */; };
/* End PBXBuildFile section */

/* Begin PBXFileReference section */
		60CF5EE92216F3B10093CB57 /* TomCat.app */ = {isa = PBXFileReference; explicitFileType = wrapper.application; includeInIndex = 0; path = TomCat.app; sourceTree = BUILT_PRODUCTS_DIR; };
		60CF5EEC2216F3B10093CB57 /* AppDelegate.h */ = {isa = PBXFileReference; lastKnownFileType = sourcecode.c.h; path = AppDelegate.h; sourceTree = "<group>"; };
		60CF5EED2216F3B20093CB57 /* AppDelegate.m */ = {isa = PBXFileReference; lastKnownFileType = sourcecode.c.objc; path = AppDelegate.m; sourceTree = "<group>"; };
		60CF5EEF2216F3B20093CB57 /* ViewController.h */ = {isa = PBXFileReference; lastKnownFileType = sourcecode.c.h; path = ViewController.h; sourceTree = "<group>"; };
		60CF5EF02216F3B20093CB57 /* ViewController.m */ = {isa = PBXFileReference; lastKnownFileType = sourcecode.c.objc; path = ViewController.m; sourceTree = "<group>"; };
		60CF5EF32216F3B20093CB57 /* Base */ = {isa = PBXFileReference; lastKnownFileType = file.storyboard; name = Base; path = Base.lproj/Main.storyboard; sourceTree = "<group>"; };
		60CF5EF52216F3B30093CB57 /* Assets.xcassets */ = {isa = PBXFileReference; lastKnownFileType = folder.assetcatalog; path = Assets.xcassets; sourceTree = "<group>"; };
		60CF5EF82216F3B30093CB57 /* Base */ = {isa = PBXFileReference; lastKnownFileType = file.storyboard; name = Base; path = Base.lproj/LaunchScreen.storyboard; sourceTree = "<group>"; };
		60CF5EFA2216F3B30093CB57 /* Info.plist */ = {isa = PBXFileReference; lastKnownFileType = text.plist.xml; path = Info.plist; sourceTree = "<group>"; };
		60CF5EFB2216F3B30093CB57 /* main.m */ = {isa = PBXFileReference; lastKnownFileType = sourcecode.c.objc; path = main.m; sourceTree = "<group>"; };
/* End PBXFileReference section */

/* Begin PBXFrameworksBuildPhase section */
		60CF5EE62216F3B10093CB57 /* Frameworks */ = {
			isa = PBXFrameworksBuildPhase;
			buildActionMask = 2147483647;
			files = (
			);
			runOnlyForDeploymentPostprocessing = 0;
		};
/* End PBXFrameworksBuildPhase section */

/* Begin PBXGroup section */
		60CF5EE02216F3B10093CB57 = {
			isa = PBXGroup;
			children = (
				60CF5EEB2216F3B10093CB57 /* TomCat */,
				60CF5EEA2216F3B10093CB57 /* Products */,
			);
			sourceTree = "<group>";
		};
		60CF5EEA2216F3B10093CB57 /* Products */ = {
			isa = PBXGroup;
			children = (
				60CF5EE92216F3B10093CB57 /* TomCat.app */,
			);
			name = Products;
			sourceTree = "<group>";
		};
		60CF5EEB2216F3B10093CB57 /* TomCat */ = {
			isa = PBXGroup;
			children = (
				60CF5EEC2216F3B10093CB57 /* AppDelegate.h */,
				60CF5EED2216F3B20093CB57 /* AppDelegate.m */,
				60CF5EEF2216F3B20093CB57 /* ViewController.h */,
				60CF5EF02216F3B20093CB57 /* ViewController.m */,
				60CF5EF22216F3B20093CB57 /* Main.storyboard */,
				60CF5EF52216F3B30093CB57 /* Assets.xcassets */,
				60CF5EF72216F3B30093CB57 /* LaunchScreen.storyboard */,
				60CF5EFA2216F3B30093CB57 /* Info.plist */,
				60CF5EFB2216F3B30093CB57 /* main.m */,
			);
			path = TomCat;
			sourceTree = "<group>";
		};
/* End PBXGroup section */

/* Begin PBXNativeTarget section */
		60CF5EE82216F3B10093CB57 /* TomCat */ = {
			isa = PBXNativeTarget;
			buildConfigurationList = 60CF5EFF2216F3B30093CB57 /* Build configuration list for PBXNativeTarget "TomCat" */;
			buildPhases = (
				60CF5EE52216F3B10093CB57 /* Sources */,
				60CF5EE62216F3B10093CB57 /* Frameworks */,
				60CF5EE72216F3B10093CB57 /* Resources */,
			);
			buildRules = (
			);
			dependencies = (
			);
			name = TomCat;
			productName = TomCat;
			productReference = 60CF5EE92216F3B10093CB57 /* TomCat.app */;
			productType = "com.apple.product-type.application";
		};
/* End PBXNativeTarget section */

/* Begin PBXProject section */
		60CF5EE12216F3B10093CB57 /* Project object */ = {
			isa = PBXProject;
			attributes = {
				LastUpgradeCheck = 1010;
				ORGANIZATIONNAME = QinTuanye;
				TargetAttributes = {
					60CF5EE82216F3B10093CB57 = {
						CreatedOnToolsVersion = 10.1;
					};
				};
			};
			buildConfigurationList = 60CF5EE42216F3B10093CB57 /* Build configuration list for PBXProject "TomCat" */;
			compatibilityVersion = "Xcode 9.3";
			developmentRegion = en;
			hasScannedForEncodings = 0;
			knownRegions = (
				en,
				Base,
			);
			mainGroup = 60CF5EE02216F3B10093CB57;
			productRefGroup = 60CF5EEA2216F3B10093CB57 /* Products */;
			projectDirPath = "";
			projectRoot = "";
			targets = (
				60CF5EE82216F3B10093CB57 /* TomCat */,
			);
		};
/* End PBXProject section */

/* Begin PBXResourcesBuildPhase section */
		60CF5EE72216F3B10093CB57 /* Resources */ = {
			isa = PBXResourcesBuildPhase;
			buildActionMask = 2147483647;
			files = (
				60CF5EF92216F3B30093CB57 /* LaunchScreen.storyboard in Resources */,
				60CF5EF62216F3B30093CB57 /* Assets.xcassets in Resources */,
				60CF5EF42216F3B20093CB57 /* Main.storyboard in Resources */,
			);
			runOnlyForDeploymentPostprocessing = 0;
		};
/* End PBXResourcesBuildPhase section */

/* Begin PBXSourcesBuildPhase section */
		60CF5EE52216F3B10093CB57 /* Sources */ = {
			isa = PBXSourcesBuildPhase;
			buildActionMask = 2147483647;
			files = (
				60CF5EF12216F3B20093CB57 /* ViewController.m in Sources */,
				60CF5EFC2216F3B30093CB57 /* main.m in Sources */,
				60CF5EEE2216F3B20093CB57 /* AppDelegate.m in Sources */,
			);
			runOnlyForDeploymentPostprocessing = 0;
		};
/* End PBXSourcesBuildPhase section */

/* Begin PBXVariantGroup section */
		60CF5EF22216F3B20093CB57 /* Main.storyboard */ = {
			isa = PBXVariantGroup;
			children = (
				60CF5EF32216F3B20093CB57 /* Base */,
			);
			name = Main.storyboard;
			sourceTree = "<group>";
		};
		60CF5EF72216F3B30093CB57 /* LaunchScreen.storyboard */ = {
			isa = PBXVariantGroup;
			children = (
				60CF5EF82216F3B30093CB57 /* Base */,
			);
			name = LaunchScreen.storyboard;
			sourceTree = "<group>";
		};
/* End PBXVariantGroup section */

/* Begin XCBuildConfiguration section */
		60CF5EFD2216F3B30093CB57 /* Debug */ = {
			isa = XCBuildConfiguration;
			buildSettings = {
				ALWAYS_SEARCH_USER_PATHS = NO;
				CLANG_ANALYZER_NONNULL = YES;
				CLANG_ANALYZER_NUMBER_OBJECT_CONVERSION = YES_AGGRESSIVE;
				CLANG_CXX_LANGUAGE_STANDARD = "gnu++14";
				CLANG_CXX_LIBRARY = "libc++";
				CLANG_ENABLE_MODULES = YES;
				CLANG_ENABLE_OBJC_ARC = YES;
				CLANG_ENABLE_OBJC_WEAK = YES;
				CLANG_WARN_BLOCK_CAPTURE_AUTORELEASING = YES;
				CLANG_WARN_BOOL_CONVERSION = YES;
				CLANG_WARN_COMMA = YES;
				CLANG_WARN_CONSTANT_CONVERSION = YES;
				CLANG_WARN_DEPRECATED_OBJC_IMPLEMENTATIONS = YES;
				CLANG_WARN_DIRECT_OBJC_ISA_USAGE = YES_ERROR;
				CLANG_WARN_DOCUMENTATION_COMMENTS = YES;
				CLANG_WARN_EMPTY_BODY = YES;
				CLANG_WARN_ENUM_CONVERSION = YES;
				CLANG_WARN_INFINITE_RECURSION = YES;
				CLANG_WARN_INT_CONVERSION = YES;
				CLANG_WARN_NON_LITERAL_NULL_CONVERSION = YES;
				CLANG_WARN_OBJC_IMPLICIT_RETAIN_SELF = YES;
				CLANG_WARN_OBJC_LITERAL_CONVERSION = YES;
				CLANG_WARN_OBJC_ROOT_CLASS = YES_ERROR;
				CLANG_WARN_RANGE_LOOP_ANALYSIS = YES;
				CLANG_WARN_STRICT_PROTOTYPES = YES;
				CLANG_WARN_SUSPICIOUS_MOVE = YES;
				CLANG_WARN_UNGUARDED_AVAILABILITY = YES_AGGRESSIVE;
				CLANG_WARN_UNREACHABLE_CODE = YES;
				CLANG_WARN__DUPLICATE_METHOD_MATCH = YES;
				CODE_SIGN_IDENTITY = "iPhone Developer";
				COPY_PHASE_STRIP = NO;
				DEBUG_INFORMATION_FORMAT = dwarf;
				ENABLE_STRICT_OBJC_MSGSEND = YES;
				ENABLE_TESTABILITY = YES;
				GCC_C_LANGUAGE_STANDARD = gnu11;
				GCC_DYNAMIC_NO_PIC = NO;
				GCC_NO_COMMON_BLOCKS = YES;
				GCC_OPTIMIZATION_LEVEL = 0;
				GCC_PREPROCESSOR_DEFINITIONS = (
					"DEBUG=1",
					"$(inherited)",
				);
				GCC_WARN_64_TO_32_BIT_CONVERSION = YES;
				GCC_WARN_ABOUT_RETURN_TYPE = YES_ERROR;
				GCC_WARN_UNDECLARED_SELECTOR = YES;
				GCC_WARN_UNINITIALIZED_AUTOS = YES_AGGRESSIVE;
				GCC_WARN_UNUSED_FUNCTION = YES;
				GCC_WARN_UNUSED_VARIABLE = YES;
				IPHONEOS_DEPLOYMENT_TARGET = 12.1;
				MTL_ENABLE_DEBUG_INFO = INCLUDE_SOURCE;
				MTL_FAST_MATH = YES;
				ONLY_ACTIVE_ARCH = YES;
				SDKROOT = iphoneos;
			};
			name = Debug;
		};
		60CF5EFE2216F3B30093CB57 /* Release */ = {
			isa = XCBuildConfiguration;
			buildSettings = {
				ALWAYS_SEARCH_USER_PATHS = NO;
				CLANG_ANALYZER_NONNULL = YES;
				CLANG_ANALYZER_NUMBER_OBJECT_CONVERSION = YES_AGGRESSIVE;
				CLANG_CXX_LANGUAGE_STANDARD = "gnu++14";
				CLANG_CXX_LIBRARY = "libc++";
				CLANG_ENABLE_MODULES = YES;
				CLANG_ENABLE_OBJC_ARC = YES;
				CLANG_ENABLE_OBJC_WEAK = YES;
				CLANG_WARN_BLOCK_CAPTURE_AUTORELEASING = YES;
				CLANG_WARN_BOOL_CONVERSION = YES;
				CLANG_WARN_COMMA = YES;
				CLANG_WARN_CONSTANT_CONVERSION = YES;
				CLANG_WARN_DEPRECATED_OBJC_IMPLEMENTATIONS = YES;
				CLANG_WARN_DIRECT_OBJC_ISA_USAGE = YES_ERROR;
				CLANG_WARN_DOCUMENTATION_COMMENTS = YES;
				CLANG_WARN_EMPTY_BODY = YES;
				CLANG_WARN_ENUM_CONVERSION = YES;
				CLANG_WARN_INFINITE_RECURSION = YES;
				CLANG_WARN_INT_CONVERSION = YES;
				CLANG_WARN_NON_LITERAL_NULL_CONVERSION = YES;
				CLANG_WARN_OBJC_IMPLICIT_RETAIN_SELF = YES;
				CLANG_WARN_OBJC_LITERAL_CONVERSION = YES;
				CLANG_WARN_OBJC_ROOT_CLASS = YES_ERROR;
				CLANG_WARN_RANGE_LOOP_ANALYSIS = YES;
				CLANG_WARN_STRICT_PROTOTYPES = YES;
				CLANG_WARN_SUSPICIOUS_MOVE = YES;
				CLANG_WARN_UNGUARDED_AVAILABILITY = YES_AGGRESSIVE;
				CLANG_WARN_UNREACHABLE_CODE = YES;
				CLANG_WARN__DUPLICATE_METHOD_MATCH = YES;
				CODE_SIGN_IDENTITY = "iPhone Developer";
				COPY_PHASE_STRIP = NO;
				DEBUG_INFORMATION_FORMAT = "dwarf-with-dsym";
				ENABLE_NS_ASSERTIONS = NO;
				ENABLE_STRICT_OBJC_MSGSEND = YES;
				GCC_C_LANGUAGE_STANDARD = gnu11;
				GCC_NO_COMMON_BLOCKS = YES;
				GCC_WARN_64_TO_32_BIT_CONVERSION = YES;
				GCC_WARN_ABOUT_RETURN_TYPE = YES_ERROR;
				GCC_WARN_UNDECLARED_SELECTOR = YES;
				GCC_WARN_UNINITIALIZED_AUTOS = YES_AGGRESSIVE;
				GCC_WARN_UNUSED_FUNCTION = YES;
				GCC_WARN_UNUSED_VARIABLE = YES;
				IPHONEOS_DEPLOYMENT_TARGET = 12.1;
				MTL_ENABLE_DEBUG_INFO = NO;
				MTL_FAST_MATH = YES;
				SDKROOT = iphoneos;
				VALIDATE_PRODUCT = YES;
			};
			name = Release;
		};
		60CF5F002216F3B30093CB57 /* Debug */ = {
			isa = XCBuildConfiguration;
			buildSettings = {
				ASSETCATALOG_COMPILER_APPICON_NAME = AppIcon;
				CODE_SIGN_STYLE = Automatic;
				DEVELOPMENT_TEAM = V36526T8FR;
				INFOPLIST_FILE = TomCat/Info.plist;
				LD_RUNPATH_SEARCH_PATHS = (
					"$(inherited)",
					"@executable_path/Frameworks",
				);
				PRODUCT_BUNDLE_IDENTIFIER = com.yuntian.TomCat;
				PRODUCT_NAME = "$(TARGET_NAME)";
				TARGETED_DEVICE_FAMILY = "1,2";
			};
			name = Debug;
		};
		60CF5F012216F3B30093CB57 /* Release */ = {
			isa = XCBuildConfiguration;
			buildSettings = {
				ASSETCATALOG_COMPILER_APPICON_NAME = AppIcon;
				CODE_SIGN_STYLE = Automatic;
				DEVELOPMENT_TEAM = V36526T8FR;
				INFOPLIST_FILE = TomCat/Info.plist;
				LD_RUNPATH_SEARCH_PATHS = (
					"$(inherited)",
					"@executable_path/Frameworks",
				);
				PRODUCT_BUNDLE_IDENTIFIER = com.yuntian.TomCat;
				PRODUCT_NAME = "$(TARGET_NAME)";
				TARGETED_DEVICE_FAMILY = "1,2";
			};
			name = Release;
		};
/* End XCBuildConfiguration section */

/* Begin XCConfigurationList section */
		60CF5EE42216F3B10093CB57 /* Build configuration list for PBXProject "TomCat" */ = {
			isa = XCConfigurationList;
			buildConfigurations = (
				60CF5EFD2216F3B30093CB57 /* Debug */,
				60CF5EFE2216F3B30093CB57 /* Release */,
			);
			defaultConfigurationIsVisible = 0;
			defaultConfigurationName = Release;
		};
		60CF5EFF2216F3B30093CB57 /* Build configuration list for PBXNativeTarget "TomCat" */ = {
			isa = XCConfigurationList;
			buildConfigurations = (
				60CF5F002216F3B30093CB57 /* Debug */,
				60CF5F012216F3B30093CB57 /* Release */,
			);
			defaultConfigurationIsVisible = 0;
			defaultConfigurationName = Release;
		};
/* End XCConfigurationList section */
	};
	rootObject = 60CF5EE12216F3B10093CB57 /* Project object */;
}
