// !$*UTF8*$!
{
	archiveVersion = 1;
	classes = {
	};
	objectVersion = 50;
	objects = {

/* Begin PBXBuildFile section */
		6053435D22241449004C0F2B /* AppDelegate.m in Sources */ = {isa = PBXBuildFile; fileRef = 6053435C22241449004C0F2B /* AppDelegate.m */; };
		6053436022241449004C0F2B /* ViewController.m in Sources */ = {isa = PBXBuildFile; fileRef = 6053435F22241449004C0F2B /* ViewController.m */; };
		6053436322241449004C0F2B /* Main.storyboard in Resources */ = {isa = PBXBuildFile; fileRef = 6053436122241449004C0F2B /* Main.storyboard */; };
		605343652224144A004C0F2B /* Assets.xcassets in Resources */ = {isa = PBXBuildFile; fileRef = 605343642224144A004C0F2B /* Assets.xcassets */; };
		605343682224144A004C0F2B /* LaunchScreen.storyboard in Resources */ = {isa = PBXBuildFile; fileRef = 605343662224144A004C0F2B /* LaunchScreen.storyboard */; };
		6053436B2224144A004C0F2B /* main.m in Sources */ = {isa = PBXBuildFile; fileRef = 6053436A2224144A004C0F2B /* main.m */; };
		60534372222414D6004C0F2B /* app.plist in Resources */ = {isa = PBXBuildFile; fileRef = 60534371222414D6004C0F2B /* app.plist */; };
		605343A2222427BA004C0F2B /* CZApp.m in Sources */ = {isa = PBXBuildFile; fileRef = 605343A1222427BA004C0F2B /* CZApp.m */; };
/* End PBXBuildFile section */

/* Begin PBXFileReference section */
		6053435822241449004C0F2B /* DictionaryToModel.app */ = {isa = PBXFileReference; explicitFileType = wrapper.application; includeInIndex = 0; path = DictionaryToModel.app; sourceTree = BUILT_PRODUCTS_DIR; };
		6053435B22241449004C0F2B /* AppDelegate.h */ = {isa = PBXFileReference; lastKnownFileType = sourcecode.c.h; path = AppDelegate.h; sourceTree = "<group>"; };
		6053435C22241449004C0F2B /* AppDelegate.m */ = {isa = PBXFileReference; lastKnownFileType = sourcecode.c.objc; path = AppDelegate.m; sourceTree = "<group>"; };
		6053435E22241449004C0F2B /* ViewController.h */ = {isa = PBXFileReference; lastKnownFileType = sourcecode.c.h; path = ViewController.h; sourceTree = "<group>"; };
		6053435F22241449004C0F2B /* ViewController.m */ = {isa = PBXFileReference; lastKnownFileType = sourcecode.c.objc; path = ViewController.m; sourceTree = "<group>"; };
		6053436222241449004C0F2B /* Base */ = {isa = PBXFileReference; lastKnownFileType = file.storyboard; name = Base; path = Base.lproj/Main.storyboard; sourceTree = "<group>"; };
		605343642224144A004C0F2B /* Assets.xcassets */ = {isa = PBXFileReference; lastKnownFileType = folder.assetcatalog; path = Assets.xcassets; sourceTree = "<group>"; };
		605343672224144A004C0F2B /* Base */ = {isa = PBXFileReference; lastKnownFileType = file.storyboard; name = Base; path = Base.lproj/LaunchScreen.storyboard; sourceTree = "<group>"; };
		605343692224144A004C0F2B /* Info.plist */ = {isa = PBXFileReference; lastKnownFileType = text.plist.xml; path = Info.plist; sourceTree = "<group>"; };
		6053436A2224144A004C0F2B /* main.m */ = {isa = PBXFileReference; lastKnownFileType = sourcecode.c.objc; path = main.m; sourceTree = "<group>"; };
		60534371222414D6004C0F2B /* app.plist */ = {isa = PBXFileReference; fileEncoding = 4; lastKnownFileType = text.plist.xml; path = app.plist; sourceTree = "<group>"; };
		605343A0222427BA004C0F2B /* CZApp.h */ = {isa = PBXFileReference; fileEncoding = 4; lastKnownFileType = sourcecode.c.h; path = CZApp.h; sourceTree = "<group>"; };
		605343A1222427BA004C0F2B /* CZApp.m */ = {isa = PBXFileReference; fileEncoding = 4; lastKnownFileType = sourcecode.c.objc; path = CZApp.m; sourceTree = "<group>"; };
/* End PBXFileReference section */

/* Begin PBXFrameworksBuildPhase section */
		6053435522241449004C0F2B /* Frameworks */ = {
			isa = PBXFrameworksBuildPhase;
			buildActionMask = 2147483647;
			files = (
			);
			runOnlyForDeploymentPostprocessing = 0;
		};
/* End PBXFrameworksBuildPhase section */

/* Begin PBXGroup section */
		6053434F22241449004C0F2B = {
			isa = PBXGroup;
			children = (
				6053435A22241449004C0F2B /* DictionaryToModel */,
				6053435922241449004C0F2B /* Products */,
			);
			sourceTree = "<group>";
		};
		6053435922241449004C0F2B /* Products */ = {
			isa = PBXGroup;
			children = (
				6053435822241449004C0F2B /* DictionaryToModel.app */,
			);
			name = Products;
			sourceTree = "<group>";
		};
		6053435A22241449004C0F2B /* DictionaryToModel */ = {
			isa = PBXGroup;
			children = (
				605343A0222427BA004C0F2B /* CZApp.h */,
				605343A1222427BA004C0F2B /* CZApp.m */,
				60534371222414D6004C0F2B /* app.plist */,
				6053435B22241449004C0F2B /* AppDelegate.h */,
				6053435C22241449004C0F2B /* AppDelegate.m */,
				6053435E22241449004C0F2B /* ViewController.h */,
				6053435F22241449004C0F2B /* ViewController.m */,
				6053436122241449004C0F2B /* Main.storyboard */,
				605343642224144A004C0F2B /* Assets.xcassets */,
				605343662224144A004C0F2B /* LaunchScreen.storyboard */,
				605343692224144A004C0F2B /* Info.plist */,
				6053436A2224144A004C0F2B /* main.m */,
			);
			path = DictionaryToModel;
			sourceTree = "<group>";
		};
/* End PBXGroup section */

/* Begin PBXNativeTarget section */
		6053435722241449004C0F2B /* DictionaryToModel */ = {
			isa = PBXNativeTarget;
			buildConfigurationList = 6053436E2224144A004C0F2B /* Build configuration list for PBXNativeTarget "DictionaryToModel" */;
			buildPhases = (
				6053435422241449004C0F2B /* Sources */,
				6053435522241449004C0F2B /* Frameworks */,
				6053435622241449004C0F2B /* Resources */,
			);
			buildRules = (
			);
			dependencies = (
			);
			name = DictionaryToModel;
			productName = DictionaryToModel;
			productReference = 6053435822241449004C0F2B /* DictionaryToModel.app */;
			productType = "com.apple.product-type.application";
		};
/* End PBXNativeTarget section */

/* Begin PBXProject section */
		6053435022241449004C0F2B /* Project object */ = {
			isa = PBXProject;
			attributes = {
				LastUpgradeCheck = 1010;
				ORGANIZATIONNAME = QinTuanye;
				TargetAttributes = {
					6053435722241449004C0F2B = {
						CreatedOnToolsVersion = 10.1;
					};
				};
			};
			buildConfigurationList = 6053435322241449004C0F2B /* Build configuration list for PBXProject "DictionaryToModel" */;
			compatibilityVersion = "Xcode 9.3";
			developmentRegion = en;
			hasScannedForEncodings = 0;
			knownRegions = (
				en,
				Base,
			);
			mainGroup = 6053434F22241449004C0F2B;
			productRefGroup = 6053435922241449004C0F2B /* Products */;
			projectDirPath = "";
			projectRoot = "";
			targets = (
				6053435722241449004C0F2B /* DictionaryToModel */,
			);
		};
/* End PBXProject section */

/* Begin PBXResourcesBuildPhase section */
		6053435622241449004C0F2B /* Resources */ = {
			isa = PBXResourcesBuildPhase;
			buildActionMask = 2147483647;
			files = (
				60534372222414D6004C0F2B /* app.plist in Resources */,
				605343682224144A004C0F2B /* LaunchScreen.storyboard in Resources */,
				605343652224144A004C0F2B /* Assets.xcassets in Resources */,
				6053436322241449004C0F2B /* Main.storyboard in Resources */,
			);
			runOnlyForDeploymentPostprocessing = 0;
		};
/* End PBXResourcesBuildPhase section */

/* Begin PBXSourcesBuildPhase section */
		6053435422241449004C0F2B /* Sources */ = {
			isa = PBXSourcesBuildPhase;
			buildActionMask = 2147483647;
			files = (
				605343A2222427BA004C0F2B /* CZApp.m in Sources */,
				6053436022241449004C0F2B /* ViewController.m in Sources */,
				6053436B2224144A004C0F2B /* main.m in Sources */,
				6053435D22241449004C0F2B /* AppDelegate.m in Sources */,
			);
			runOnlyForDeploymentPostprocessing = 0;
		};
/* End PBXSourcesBuildPhase section */

/* Begin PBXVariantGroup section */
		6053436122241449004C0F2B /* Main.storyboard */ = {
			isa = PBXVariantGroup;
			children = (
				6053436222241449004C0F2B /* Base */,
			);
			name = Main.storyboard;
			sourceTree = "<group>";
		};
		605343662224144A004C0F2B /* LaunchScreen.storyboard */ = {
			isa = PBXVariantGroup;
			children = (
				605343672224144A004C0F2B /* Base */,
			);
			name = LaunchScreen.storyboard;
			sourceTree = "<group>";
		};
/* End PBXVariantGroup section */

/* Begin XCBuildConfiguration section */
		6053436C2224144A004C0F2B /* Debug */ = {
			isa = XCBuildConfiguration;
			buildSettings = {
				ALWAYS_SEARCH_USER_PATHS = NO;
				CLANG_ANALYZER_NONNULL = YES;
				CLANG_ANALYZER_NUMBER_OBJECT_CONVERSION = YES_AGGRESSIVE;
				CLANG_CXX_LANGUAGE_STANDARD = "gnu++14";
				CLANG_CXX_LIBRARY = "libc++";
				CLANG_ENABLE_MODULES = YES;
				CLANG_ENABLE_OBJC_ARC = YES;
				CLANG_ENABLE_OBJC_WEAK = YES;
				CLANG_WARN_BLOCK_CAPTURE_AUTORELEASING = YES;
				CLANG_WARN_BOOL_CONVERSION = YES;
				CLANG_WARN_COMMA = YES;
				CLANG_WARN_CONSTANT_CONVERSION = YES;
				CLANG_WARN_DEPRECATED_OBJC_IMPLEMENTATIONS = YES;
				CLANG_WARN_DIRECT_OBJC_ISA_USAGE = YES_ERROR;
				CLANG_WARN_DOCUMENTATION_COMMENTS = YES;
				CLANG_WARN_EMPTY_BODY = YES;
				CLANG_WARN_ENUM_CONVERSION = YES;
				CLANG_WARN_INFINITE_RECURSION = YES;
				CLANG_WARN_INT_CONVERSION = YES;
				CLANG_WARN_NON_LITERAL_NULL_CONVERSION = YES;
				CLANG_WARN_OBJC_IMPLICIT_RETAIN_SELF = YES;
				CLANG_WARN_OBJC_LITERAL_CONVERSION = YES;
				CLANG_WARN_OBJC_ROOT_CLASS = YES_ERROR;
				CLANG_WARN_RANGE_LOOP_ANALYSIS = YES;
				CLANG_WARN_STRICT_PROTOTYPES = YES;
				CLANG_WARN_SUSPICIOUS_MOVE = YES;
				CLANG_WARN_UNGUARDED_AVAILABILITY = YES_AGGRESSIVE;
				CLANG_WARN_UNREACHABLE_CODE = YES;
				CLANG_WARN__DUPLICATE_METHOD_MATCH = YES;
				CODE_SIGN_IDENTITY = "iPhone Developer";
				COPY_PHASE_STRIP = NO;
				DEBUG_INFORMATION_FORMAT = dwarf;
				ENABLE_STRICT_OBJC_MSGSEND = YES;
				ENABLE_TESTABILITY = YES;
				GCC_C_LANGUAGE_STANDARD = gnu11;
				GCC_DYNAMIC_NO_PIC = NO;
				GCC_NO_COMMON_BLOCKS = YES;
				GCC_OPTIMIZATION_LEVEL = 0;
				GCC_PREPROCESSOR_DEFINITIONS = (
					"DEBUG=1",
					"$(inherited)",
				);
				GCC_WARN_64_TO_32_BIT_CONVERSION = YES;
				GCC_WARN_ABOUT_RETURN_TYPE = YES_ERROR;
				GCC_WARN_UNDECLARED_SELECTOR = YES;
				GCC_WARN_UNINITIALIZED_AUTOS = YES_AGGRESSIVE;
				GCC_WARN_UNUSED_FUNCTION = YES;
				GCC_WARN_UNUSED_VARIABLE = YES;
				IPHONEOS_DEPLOYMENT_TARGET = 12.1;
				MTL_ENABLE_DEBUG_INFO = INCLUDE_SOURCE;
				MTL_FAST_MATH = YES;
				ONLY_ACTIVE_ARCH = YES;
				SDKROOT = iphoneos;
			};
			name = Debug;
		};
		6053436D2224144A004C0F2B /* Release */ = {
			isa = XCBuildConfiguration;
			buildSettings = {
				ALWAYS_SEARCH_USER_PATHS = NO;
				CLANG_ANALYZER_NONNULL = YES;
				CLANG_ANALYZER_NUMBER_OBJECT_CONVERSION = YES_AGGRESSIVE;
				CLANG_CXX_LANGUAGE_STANDARD = "gnu++14";
				CLANG_CXX_LIBRARY = "libc++";
				CLANG_ENABLE_MODULES = YES;
				CLANG_ENABLE_OBJC_ARC = YES;
				CLANG_ENABLE_OBJC_WEAK = YES;
				CLANG_WARN_BLOCK_CAPTURE_AUTORELEASING = YES;
				CLANG_WARN_BOOL_CONVERSION = YES;
				CLANG_WARN_COMMA = YES;
				CLANG_WARN_CONSTANT_CONVERSION = YES;
				CLANG_WARN_DEPRECATED_OBJC_IMPLEMENTATIONS = YES;
				CLANG_WARN_DIRECT_OBJC_ISA_USAGE = YES_ERROR;
				CLANG_WARN_DOCUMENTATION_COMMENTS = YES;
				CLANG_WARN_EMPTY_BODY = YES;
				CLANG_WARN_ENUM_CONVERSION = YES;
				CLANG_WARN_INFINITE_RECURSION = YES;
				CLANG_WARN_INT_CONVERSION = YES;
				CLANG_WARN_NON_LITERAL_NULL_CONVERSION = YES;
				CLANG_WARN_OBJC_IMPLICIT_RETAIN_SELF = YES;
				CLANG_WARN_OBJC_LITERAL_CONVERSION = YES;
				CLANG_WARN_OBJC_ROOT_CLASS = YES_ERROR;
				CLANG_WARN_RANGE_LOOP_ANALYSIS = YES;
				CLANG_WARN_STRICT_PROTOTYPES = YES;
				CLANG_WARN_SUSPICIOUS_MOVE = YES;
				CLANG_WARN_UNGUARDED_AVAILABILITY = YES_AGGRESSIVE;
				CLANG_WARN_UNREACHABLE_CODE = YES;
				CLANG_WARN__DUPLICATE_METHOD_MATCH = YES;
				CODE_SIGN_IDENTITY = "iPhone Developer";
				COPY_PHASE_STRIP = NO;
				DEBUG_INFORMATION_FORMAT = "dwarf-with-dsym";
				ENABLE_NS_ASSERTIONS = NO;
				ENABLE_STRICT_OBJC_MSGSEND = YES;
				GCC_C_LANGUAGE_STANDARD = gnu11;
				GCC_NO_COMMON_BLOCKS = YES;
				GCC_WARN_64_TO_32_BIT_CONVERSION = YES;
				GCC_WARN_ABOUT_RETURN_TYPE = YES_ERROR;
				GCC_WARN_UNDECLARED_SELECTOR = YES;
				GCC_WARN_UNINITIALIZED_AUTOS = YES_AGGRESSIVE;
				GCC_WARN_UNUSED_FUNCTION = YES;
				GCC_WARN_UNUSED_VARIABLE = YES;
				IPHONEOS_DEPLOYMENT_TARGET = 12.1;
				MTL_ENABLE_DEBUG_INFO = NO;
				MTL_FAST_MATH = YES;
				SDKROOT = iphoneos;
				VALIDATE_PRODUCT = YES;
			};
			name = Release;
		};
		6053436F2224144A004C0F2B /* Debug */ = {
			isa = XCBuildConfiguration;
			buildSettings = {
				ASSETCATALOG_COMPILER_APPICON_NAME = AppIcon;
				CODE_SIGN_STYLE = Automatic;
				DEVELOPMENT_TEAM = V36526T8FR;
				INFOPLIST_FILE = DictionaryToModel/Info.plist;
				LD_RUNPATH_SEARCH_PATHS = (
					"$(inherited)",
					"@executable_path/Frameworks",
				);
				PRODUCT_BUNDLE_IDENTIFIER = com.yuntian.DictionaryToModel;
				PRODUCT_NAME = "$(TARGET_NAME)";
				TARGETED_DEVICE_FAMILY = "1,2";
			};
			name = Debug;
		};
		605343702224144A004C0F2B /* Release */ = {
			isa = XCBuildConfiguration;
			buildSettings = {
				ASSETCATALOG_COMPILER_APPICON_NAME = AppIcon;
				CODE_SIGN_STYLE = Automatic;
				DEVELOPMENT_TEAM = V36526T8FR;
				INFOPLIST_FILE = DictionaryToModel/Info.plist;
				LD_RUNPATH_SEARCH_PATHS = (
					"$(inherited)",
					"@executable_path/Frameworks",
				);
				PRODUCT_BUNDLE_IDENTIFIER = com.yuntian.DictionaryToModel;
				PRODUCT_NAME = "$(TARGET_NAME)";
				TARGETED_DEVICE_FAMILY = "1,2";
			};
			name = Release;
		};
/* End XCBuildConfiguration section */

/* Begin XCConfigurationList section */
		6053435322241449004C0F2B /* Build configuration list for PBXProject "DictionaryToModel" */ = {
			isa = XCConfigurationList;
			buildConfigurations = (
				6053436C2224144A004C0F2B /* Debug */,
				6053436D2224144A004C0F2B /* Release */,
			);
			defaultConfigurationIsVisible = 0;
			defaultConfigurationName = Release;
		};
		6053436E2224144A004C0F2B /* Build configuration list for PBXNativeTarget "DictionaryToModel" */ = {
			isa = XCConfigurationList;
			buildConfigurations = (
				6053436F2224144A004C0F2B /* Debug */,
				605343702224144A004C0F2B /* Release */,
			);
			defaultConfigurationIsVisible = 0;
			defaultConfigurationName = Release;
		};
/* End XCConfigurationList section */
	};
	rootObject = 6053435022241449004C0F2B /* Project object */;
}
